
Microsoft Visual Studio Solution File, Format Version 12.00
# Visual Studio Version 17
VisualStudioVersion = 17.1.32421.90
MinimumVisualStudioVersion = 10.0.40219.1
Project("{FAE04EC0-301F-11D3-BF4B-00C04F79EFBC}") = "TestCSVHelper", "TestCSVHelper\TestCSVHelper.csproj", "{58A3DADB-933C-478A-8E7E-3765687DD82A}"
EndProject
Global
	GlobalSection(SolutionConfigurationPlatforms) = preSolution
		Debug|Any CPU = Debug|Any CPU
		Release|Any CPU = Release|Any CPU
	EndGlobalSection
	GlobalSection(ProjectConfigurationPlatforms) = postSolution
		{58A3DADB-933C-478A-8E7E-3765687DD82A}.Debug|Any CPU.ActiveCfg = Debug|Any CPU
		{58A3DADB-933C-478A-8E7E-3765687DD82A}.Debug|Any CPU.Build.0 = Debug|Any CPU
		{58A3DADB-933C-478A-8E7E-3765687DD82A}.Release|Any CPU.ActiveCfg = Release|Any CPU
		{58A3DADB-933C-478A-8E7E-3765687DD82A}.Release|Any CPU.Build.0 = Release|Any CPU
	EndGlobalSection
	GlobalSection(SolutionProperties) = preSolution
		HideSolutionNode = FALSE
	EndGlobalSection
	GlobalSection(ExtensibilityGlobals) = postSolution
		SolutionGuid = {37E54448-7FD9-4488-ACC5-85152B76DDCC}
	EndGlobalSection
EndGlobal
